<Solution>
  <Folder Name="/src/">
    <Project Path="src/ArticleService/ArticleService.csproj" />
    <Project Path="src/CommentService/CommentService.csproj" />
    <Project Path="src/Monitoring/Monitoring.csproj" />
    <Project Path="src/ProfanityService/ProfanityService.csproj" />
  </Folder>
</Solution>
